
Microsoft Visual Studio Solution File, Format Version 12.00
# Visual Studio 15
VisualStudioVersion = 15.0.26430.16
MinimumVisualStudioVersion = 10.0.40219.1
Project("{FAE04EC0-301F-11D3-BF4B-00C04F79EFBC}") = "Runsettings", "Runsettings.csproj", "{A60DF84B-CB61-45A6-AF20-3F4535B48E61}"
EndProject
Project("{2150E333-8FDC-42A3-9474-1A3956D46DE8}") = "Solution Items", "Solution Items", "{F8F4C9F8-881D-4F19-AC92-C87B7444D515}"
	ProjectSection(SolutionItems) = preProject
		b.cmd = b.cmd
		build.cake = build.cake
		build.ps1 = build.ps1
		HowTo.md = HowTo.md
		README.md = README.md
	EndProjectSection
EndProject
Global
	GlobalSection(SolutionConfigurationPlatforms) = preSolution
		Debug|Any CPU = Debug|Any CPU
		Release|Any CPU = Release|Any CPU
	EndGlobalSection
	GlobalSection(ProjectConfigurationPlatforms) = postSolution
		{A60DF84B-CB61-45A6-AF20-3F4535B48E61}.Debug|Any CPU.ActiveCfg = Debug|Any CPU
		{A60DF84B-CB61-45A6-AF20-3F4535B48E61}.Debug|Any CPU.Build.0 = Debug|Any CPU
		{A60DF84B-CB61-45A6-AF20-3F4535B48E61}.Release|Any CPU.ActiveCfg = Release|Any CPU
		{A60DF84B-CB61-45A6-AF20-3F4535B48E61}.Release|Any CPU.Build.0 = Release|Any CPU
	EndGlobalSection
	GlobalSection(SolutionProperties) = preSolution
		HideSolutionNode = FALSE
	EndGlobalSection
	GlobalSection(ExtensibilityGlobals) = postSolution
		SolutionGuid = {F6A2ED7C-EE6B-49C8-BBC0-215C1E76BD32}
	EndGlobalSection
EndGlobal
